// !$*UTF8*$!
{
	archiveVersion = 1;
	classes = {
	};
	objectVersion = 51;
	objects = {

/* Begin PBXBuildFile section */
		3B10A34426A868D2004031D0 /* PostViewModel.swift in Sources */ = {isa = PBXBuildFile; fileRef = 3B10A34326A868D2004031D0 /* PostViewModel.swift */; };
		3B25465A26AA930B00963E55 /* DateUtil.swift in Sources */ = {isa = PBXBuildFile; fileRef = 3B25465926AA930B00963E55 /* DateUtil.swift */; };
		3B2AE1C326AC446100CA4247 /* TabBarController.storyboard in Resources */ = {isa = PBXBuildFile; fileRef = 3B2AE1C226AC446100CA4247 /* TabBarController.storyboard */; };
		3B2AE1C626ADA57900CA4247 /* TabBarController.swift in Sources */ = {isa = PBXBuildFile; fileRef = 3B2AE1C526ADA57900CA4247 /* TabBarController.swift */; };
		3B542EEF26A5B06400BFFE6F /* AppDelegate.swift in Sources */ = {isa = PBXBuildFile; fileRef = 3B542EEE26A5B06400BFFE6F /* AppDelegate.swift */; };
		3B542EF126A5B06400BFFE6F /* SceneDelegate.swift in Sources */ = {isa = PBXBuildFile; fileRef = 3B542EF026A5B06400BFFE6F /* SceneDelegate.swift */; };
		3B542EF326A5B06400BFFE6F /* MainViewController.swift in Sources */ = {isa = PBXBuildFile; fileRef = 3B542EF226A5B06400BFFE6F /* MainViewController.swift */; };
		3B542EF626A5B06400BFFE6F /* MainViewController.storyboard in Resources */ = {isa = PBXBuildFile; fileRef = 3B542EF426A5B06400BFFE6F /* MainViewController.storyboard */; };
		3B542EF826A5B06800BFFE6F /* Assets.xcassets in Resources */ = {isa = PBXBuildFile; fileRef = 3B542EF726A5B06800BFFE6F /* Assets.xcassets */; };
		3B542EFB26A5B06800BFFE6F /* LaunchScreen.storyboard in Resources */ = {isa = PBXBuildFile; fileRef = 3B542EF926A5B06800BFFE6F /* LaunchScreen.storyboard */; };
		3B542F1826A5BD1D00BFFE6F /* PostTableViewCell.swift in Sources */ = {isa = PBXBuildFile; fileRef = 3B542F1626A5BD1D00BFFE6F /* PostTableViewCell.swift */; };
		3B542F1926A5BD1D00BFFE6F /* PostTableViewCell.xib in Resources */ = {isa = PBXBuildFile; fileRef = 3B542F1726A5BD1D00BFFE6F /* PostTableViewCell.xib */; };
		3B542F1F26A5BFC800BFFE6F /* Text.swift in Sources */ = {isa = PBXBuildFile; fileRef = 3B542F1E26A5BFC800BFFE6F /* Text.swift */; };
		3B542F2226A705E500BFFE6F /* SnsAPI.swift in Sources */ = {isa = PBXBuildFile; fileRef = 3B542F2126A705E400BFFE6F /* SnsAPI.swift */; };
		3B542F2626A70BB800BFFE6F /* PostRepository.swift in Sources */ = {isa = PBXBuildFile; fileRef = 3B542F2526A70BB700BFFE6F /* PostRepository.swift */; };
		3B5B51DA26E2584C0024BFDA /* User.swift in Sources */ = {isa = PBXBuildFile; fileRef = 3B5B51D926E2584C0024BFDA /* User.swift */; };
		3B5E9C0126B96EBD00E8169A /* PostText.swift in Sources */ = {isa = PBXBuildFile; fileRef = 3B5E9C0026B96EBC00E8169A /* PostText.swift */; };
		3BC4045726B191E600AC9D87 /* PostViewController.swift in Sources */ = {isa = PBXBuildFile; fileRef = 3BC4045626B191E600AC9D87 /* PostViewController.swift */; };
		3BC4045A26B1920400AC9D87 /* PostViewController.storyboard in Resources */ = {isa = PBXBuildFile; fileRef = 3BC4045926B1920400AC9D87 /* PostViewController.storyboard */; };
		DF1E46378617DB16BF3AD35B /* Pods_SnsClient.framework in Frameworks */ = {isa = PBXBuildFile; fileRef = E8F814C331C1E7C67DC7139E /* Pods_SnsClient.framework */; };
/* End PBXBuildFile section */

/* Begin PBXFileReference section */
		3B10A34326A868D2004031D0 /* PostViewModel.swift */ = {isa = PBXFileReference; lastKnownFileType = sourcecode.swift; path = PostViewModel.swift; sourceTree = "<group>"; };
		3B25465926AA930B00963E55 /* DateUtil.swift */ = {isa = PBXFileReference; lastKnownFileType = sourcecode.swift; path = DateUtil.swift; sourceTree = "<group>"; };
		3B2AE1C226AC446100CA4247 /* TabBarController.storyboard */ = {isa = PBXFileReference; lastKnownFileType = file.storyboard; path = TabBarController.storyboard; sourceTree = "<group>"; };
		3B2AE1C526ADA57900CA4247 /* TabBarController.swift */ = {isa = PBXFileReference; lastKnownFileType = sourcecode.swift; path = TabBarController.swift; sourceTree = "<group>"; };
		3B542EEB26A5B06300BFFE6F /* SnsClient.app */ = {isa = PBXFileReference; explicitFileType = wrapper.application; includeInIndex = 0; path = SnsClient.app; sourceTree = BUILT_PRODUCTS_DIR; };
		3B542EEE26A5B06400BFFE6F /* AppDelegate.swift */ = {isa = PBXFileReference; lastKnownFileType = sourcecode.swift; path = AppDelegate.swift; sourceTree = "<group>"; };
		3B542EF026A5B06400BFFE6F /* SceneDelegate.swift */ = {isa = PBXFileReference; lastKnownFileType = sourcecode.swift; path = SceneDelegate.swift; sourceTree = "<group>"; };
		3B542EF226A5B06400BFFE6F /* MainViewController.swift */ = {isa = PBXFileReference; lastKnownFileType = sourcecode.swift; path = MainViewController.swift; sourceTree = "<group>"; };
		3B542EF526A5B06400BFFE6F /* Base */ = {isa = PBXFileReference; lastKnownFileType = file.storyboard; name = Base; path = Base.lproj/MainViewController.storyboard; sourceTree = "<group>"; };
		3B542EF726A5B06800BFFE6F /* Assets.xcassets */ = {isa = PBXFileReference; lastKnownFileType = folder.assetcatalog; path = Assets.xcassets; sourceTree = "<group>"; };
		3B542EFA26A5B06800BFFE6F /* Base */ = {isa = PBXFileReference; lastKnownFileType = file.storyboard; name = Base; path = Base.lproj/LaunchScreen.storyboard; sourceTree = "<group>"; };
		3B542EFC26A5B06800BFFE6F /* Info.plist */ = {isa = PBXFileReference; lastKnownFileType = text.plist.xml; path = Info.plist; sourceTree = "<group>"; };
		3B542F1626A5BD1D00BFFE6F /* PostTableViewCell.swift */ = {isa = PBXFileReference; lastKnownFileType = sourcecode.swift; path = PostTableViewCell.swift; sourceTree = "<group>"; };
		3B542F1726A5BD1D00BFFE6F /* PostTableViewCell.xib */ = {isa = PBXFileReference; lastKnownFileType = file.xib; path = PostTableViewCell.xib; sourceTree = "<group>"; };
		3B542F1E26A5BFC800BFFE6F /* Text.swift */ = {isa = PBXFileReference; lastKnownFileType = sourcecode.swift; path = Text.swift; sourceTree = "<group>"; };
		3B542F2126A705E400BFFE6F /* SnsAPI.swift */ = {isa = PBXFileReference; lastKnownFileType = sourcecode.swift; path = SnsAPI.swift; sourceTree = "<group>"; };
		3B542F2526A70BB700BFFE6F /* PostRepository.swift */ = {isa = PBXFileReference; lastKnownFileType = sourcecode.swift; path = PostRepository.swift; sourceTree = "<group>"; };
		3B5B51D926E2584C0024BFDA /* User.swift */ = {isa = PBXFileReference; lastKnownFileType = sourcecode.swift; path = User.swift; sourceTree = "<group>"; };
		3B5E9C0026B96EBC00E8169A /* PostText.swift */ = {isa = PBXFileReference; lastKnownFileType = sourcecode.swift; path = PostText.swift; sourceTree = "<group>"; };
		3BC4045626B191E600AC9D87 /* PostViewController.swift */ = {isa = PBXFileReference; lastKnownFileType = sourcecode.swift; path = PostViewController.swift; sourceTree = "<group>"; };
		3BC4045926B1920400AC9D87 /* PostViewController.storyboard */ = {isa = PBXFileReference; lastKnownFileType = file.storyboard; path = PostViewController.storyboard; sourceTree = "<group>"; };
		4A21B6B214F4C6DF6D34F6A4 /* Pods-SnsClient.release.xcconfig */ = {isa = PBXFileReference; includeInIndex = 1; lastKnownFileType = text.xcconfig; name = "Pods-SnsClient.release.xcconfig"; path = "Target Support Files/Pods-SnsClient/Pods-SnsClient.release.xcconfig"; sourceTree = "<group>"; };
		4B75AA125119F70821559E0C /* Pods-SnsClient.debug.xcconfig */ = {isa = PBXFileReference; includeInIndex = 1; lastKnownFileType = text.xcconfig; name = "Pods-SnsClient.debug.xcconfig"; path = "Target Support Files/Pods-SnsClient/Pods-SnsClient.debug.xcconfig"; sourceTree = "<group>"; };
		E8F814C331C1E7C67DC7139E /* Pods_SnsClient.framework */ = {isa = PBXFileReference; explicitFileType = wrapper.framework; includeInIndex = 0; path = Pods_SnsClient.framework; sourceTree = BUILT_PRODUCTS_DIR; };
/* End PBXFileReference section */

/* Begin PBXFrameworksBuildPhase section */
		3B542EE826A5B06300BFFE6F /* Frameworks */ = {
			isa = PBXFrameworksBuildPhase;
			buildActionMask = 2147483647;
			files = (
				DF1E46378617DB16BF3AD35B /* Pods_SnsClient.framework in Frameworks */,
			);
			runOnlyForDeploymentPostprocessing = 0;
		};
/* End PBXFrameworksBuildPhase section */

/* Begin PBXGroup section */
		3B10A34226A868B0004031D0 /* ViewModel */ = {
			isa = PBXGroup;
			children = (
				3B10A34326A868D2004031D0 /* PostViewModel.swift */,
			);
			path = ViewModel;
			sourceTree = "<group>";
		};
		3B10A34726A86BA9004031D0 /* Model */ = {
			isa = PBXGroup;
			children = (
				3B542F2126A705E400BFFE6F /* SnsAPI.swift */,
			);
			path = Model;
			sourceTree = "<group>";
		};
		3B542EE226A5B06300BFFE6F = {
			isa = PBXGroup;
			children = (
				3B542EED26A5B06300BFFE6F /* SnsClient */,
				3B542EEC26A5B06300BFFE6F /* Products */,
				B797E7DF3B8D1ED6B3BDA5D8 /* Pods */,
				518074CD34C28121A46675AA /* Frameworks */,
			);
			sourceTree = "<group>";
		};
		3B542EEC26A5B06300BFFE6F /* Products */ = {
			isa = PBXGroup;
			children = (
				3B542EEB26A5B06300BFFE6F /* SnsClient.app */,
			);
			name = Products;
			sourceTree = "<group>";
		};
		3B542EED26A5B06300BFFE6F /* SnsClient */ = {
			isa = PBXGroup;
			children = (
				3B542EEE26A5B06400BFFE6F /* AppDelegate.swift */,
				3B542EF026A5B06400BFFE6F /* SceneDelegate.swift */,
				3B25465926AA930B00963E55 /* DateUtil.swift */,
				3B542F1D26A5BFBA00BFFE6F /* Entity */,
				3B542F2426A708AD00BFFE6F /* Repository */,
				3B542F1C26A5BE8700BFFE6F /* View */,
				3B10A34226A868B0004031D0 /* ViewModel */,
				3B10A34726A86BA9004031D0 /* Model */,
				3B542EF726A5B06800BFFE6F /* Assets.xcassets */,
				3B542EF926A5B06800BFFE6F /* LaunchScreen.storyboard */,
				3B542EFC26A5B06800BFFE6F /* Info.plist */,
			);
			path = SnsClient;
			sourceTree = "<group>";
		};
		3B542F1C26A5BE8700BFFE6F /* View */ = {
			isa = PBXGroup;
			children = (
				3B2AE1C526ADA57900CA4247 /* TabBarController.swift */,
				3B2AE1C226AC446100CA4247 /* TabBarController.storyboard */,
				3B542EF226A5B06400BFFE6F /* MainViewController.swift */,
				3B542EF426A5B06400BFFE6F /* MainViewController.storyboard */,
				3BC4045626B191E600AC9D87 /* PostViewController.swift */,
				3BC4045926B1920400AC9D87 /* PostViewController.storyboard */,
				3B542F1626A5BD1D00BFFE6F /* PostTableViewCell.swift */,
				3B542F1726A5BD1D00BFFE6F /* PostTableViewCell.xib */,
			);
			path = View;
			sourceTree = "<group>";
		};
		3B542F1D26A5BFBA00BFFE6F /* Entity */ = {
			isa = PBXGroup;
			children = (
				3B542F1E26A5BFC800BFFE6F /* Text.swift */,
				3B5B51D926E2584C0024BFDA /* User.swift */,
				3B5E9C0026B96EBC00E8169A /* PostText.swift */,
			);
			path = Entity;
			sourceTree = "<group>";
		};
		3B542F2426A708AD00BFFE6F /* Repository */ = {
			isa = PBXGroup;
			children = (
				3B542F2526A70BB700BFFE6F /* PostRepository.swift */,
			);
			path = Repository;
			sourceTree = "<group>";
		};
		518074CD34C28121A46675AA /* Frameworks */ = {
			isa = PBXGroup;
			children = (
				E8F814C331C1E7C67DC7139E /* Pods_SnsClient.framework */,
			);
			name = Frameworks;
			sourceTree = "<group>";
		};
		B797E7DF3B8D1ED6B3BDA5D8 /* Pods */ = {
			isa = PBXGroup;
			children = (
				4B75AA125119F70821559E0C /* Pods-SnsClient.debug.xcconfig */,
				4A21B6B214F4C6DF6D34F6A4 /* Pods-SnsClient.release.xcconfig */,
			);
			path = Pods;
			sourceTree = "<group>";
		};
/* End PBXGroup section */

/* Begin PBXNativeTarget section */
		3B542EEA26A5B06300BFFE6F /* SnsClient */ = {
			isa = PBXNativeTarget;
			buildConfigurationList = 3B542EFF26A5B06800BFFE6F /* Build configuration list for PBXNativeTarget "SnsClient" */;
			buildPhases = (
				40AC137352F8435EC17DF9C0 /* [CP] Check Pods Manifest.lock */,
				3B542EE726A5B06300BFFE6F /* Sources */,
				3B542EE826A5B06300BFFE6F /* Frameworks */,
				3B542EE926A5B06300BFFE6F /* Resources */,
				0533C036E5FD4A5DEF26AC0C /* [CP] Embed Pods Frameworks */,
			);
			buildRules = (
			);
			dependencies = (
			);
			name = SnsClient;
			productName = SnsClient;
			productReference = 3B542EEB26A5B06300BFFE6F /* SnsClient.app */;
			productType = "com.apple.product-type.application";
		};
/* End PBXNativeTarget section */

/* Begin PBXProject section */
		3B542EE326A5B06300BFFE6F /* Project object */ = {
			isa = PBXProject;
			attributes = {
				LastSwiftUpdateCheck = 1210;
				LastUpgradeCheck = 1210;
				TargetAttributes = {
					3B542EEA26A5B06300BFFE6F = {
						CreatedOnToolsVersion = 12.1;
					};
				};
			};
			buildConfigurationList = 3B542EE626A5B06300BFFE6F /* Build configuration list for PBXProject "SnsClient" */;
			compatibilityVersion = "Xcode 9.3";
			developmentRegion = en;
			hasScannedForEncodings = 0;
			knownRegions = (
				en,
				Base,
			);
			mainGroup = 3B542EE226A5B06300BFFE6F;
			productRefGroup = 3B542EEC26A5B06300BFFE6F /* Products */;
			projectDirPath = "";
			projectRoot = "";
			targets = (
				3B542EEA26A5B06300BFFE6F /* SnsClient */,
			);
		};
/* End PBXProject section */

/* Begin PBXResourcesBuildPhase section */
		3B542EE926A5B06300BFFE6F /* Resources */ = {
			isa = PBXResourcesBuildPhase;
			buildActionMask = 2147483647;
			files = (
				3B542F1926A5BD1D00BFFE6F /* PostTableViewCell.xib in Resources */,
				3BC4045A26B1920400AC9D87 /* PostViewController.storyboard in Resources */,
				3B542EFB26A5B06800BFFE6F /* LaunchScreen.storyboard in Resources */,
				3B2AE1C326AC446100CA4247 /* TabBarController.storyboard in Resources */,
				3B542EF826A5B06800BFFE6F /* Assets.xcassets in Resources */,
				3B542EF626A5B06400BFFE6F /* MainViewController.storyboard in Resources */,
			);
			runOnlyForDeploymentPostprocessing = 0;
		};
/* End PBXResourcesBuildPhase section */

/* Begin PBXShellScriptBuildPhase section */
		0533C036E5FD4A5DEF26AC0C /* [CP] Embed Pods Frameworks */ = {
			isa = PBXShellScriptBuildPhase;
			buildActionMask = 2147483647;
			files = (
			);
			inputFileListPaths = (
				"${PODS_ROOT}/Target Support Files/Pods-SnsClient/Pods-SnsClient-frameworks-${CONFIGURATION}-input-files.xcfilelist",
			);
			name = "[CP] Embed Pods Frameworks";
			outputFileListPaths = (
				"${PODS_ROOT}/Target Support Files/Pods-SnsClient/Pods-SnsClient-frameworks-${CONFIGURATION}-output-files.xcfilelist",
			);
			runOnlyForDeploymentPostprocessing = 0;
			shellPath = /bin/sh;
			shellScript = "\"${PODS_ROOT}/Target Support Files/Pods-SnsClient/Pods-SnsClient-frameworks.sh\"\n";
			showEnvVarsInLog = 0;
		};
		40AC137352F8435EC17DF9C0 /* [CP] Check Pods Manifest.lock */ = {
			isa = PBXShellScriptBuildPhase;
			buildActionMask = 2147483647;
			files = (
			);
			inputFileListPaths = (
			);
			inputPaths = (
				"${PODS_PODFILE_DIR_PATH}/Podfile.lock",
				"${PODS_ROOT}/Manifest.lock",
			);
			name = "[CP] Check Pods Manifest.lock";
			outputFileListPaths = (
			);
			outputPaths = (
				"$(DERIVED_FILE_DIR)/Pods-SnsClient-checkManifestLockResult.txt",
			);
			runOnlyForDeploymentPostprocessing = 0;
			shellPath = /bin/sh;
			shellScript = "diff \"${PODS_PODFILE_DIR_PATH}/Podfile.lock\" \"${PODS_ROOT}/Manifest.lock\" > /dev/null\nif [ $? != 0 ] ; then\n    # print error to STDERR\n    echo \"error: The sandbox is not in sync with the Podfile.lock. Run 'pod install' or update your CocoaPods installation.\" >&2\n    exit 1\nfi\n# This output is used by Xcode 'outputs' to avoid re-running this script phase.\necho \"SUCCESS\" > \"${SCRIPT_OUTPUT_FILE_0}\"\n";
			showEnvVarsInLog = 0;
		};
/* End PBXShellScriptBuildPhase section */

/* Begin PBXSourcesBuildPhase section */
		3B542EE726A5B06300BFFE6F /* Sources */ = {
			isa = PBXSourcesBuildPhase;
			buildActionMask = 2147483647;
			files = (
				3B5B51DA26E2584C0024BFDA /* User.swift in Sources */,
				3B5E9C0126B96EBD00E8169A /* PostText.swift in Sources */,
				3B10A34426A868D2004031D0 /* PostViewModel.swift in Sources */,
				3B542EF326A5B06400BFFE6F /* MainViewController.swift in Sources */,
				3B542F1F26A5BFC800BFFE6F /* Text.swift in Sources */,
				3B542F1826A5BD1D00BFFE6F /* PostTableViewCell.swift in Sources */,
				3B542F2626A70BB800BFFE6F /* PostRepository.swift in Sources */,
				3B542EEF26A5B06400BFFE6F /* AppDelegate.swift in Sources */,
				3B25465A26AA930B00963E55 /* DateUtil.swift in Sources */,
				3B542EF126A5B06400BFFE6F /* SceneDelegate.swift in Sources */,
				3B2AE1C626ADA57900CA4247 /* TabBarController.swift in Sources */,
				3B542F2226A705E500BFFE6F /* SnsAPI.swift in Sources */,
				3BC4045726B191E600AC9D87 /* PostViewController.swift in Sources */,
			);
			runOnlyForDeploymentPostprocessing = 0;
		};
/* End PBXSourcesBuildPhase section */

/* Begin PBXVariantGroup section */
		3B542EF426A5B06400BFFE6F /* MainViewController.storyboard */ = {
			isa = PBXVariantGroup;
			children = (
				3B542EF526A5B06400BFFE6F /* Base */,
			);
			name = MainViewController.storyboard;
			sourceTree = "<group>";
		};
		3B542EF926A5B06800BFFE6F /* LaunchScreen.storyboard */ = {
			isa = PBXVariantGroup;
			children = (
				3B542EFA26A5B06800BFFE6F /* Base */,
			);
			name = LaunchScreen.storyboard;
			sourceTree = "<group>";
		};
/* End PBXVariantGroup section */

/* Begin XCBuildConfiguration section */
		3B542EFD26A5B06800BFFE6F /* Debug */ = {
			isa = XCBuildConfiguration;
			buildSettings = {
				ALWAYS_SEARCH_USER_PATHS = NO;
				CLANG_ANALYZER_NONNULL = YES;
				CLANG_ANALYZER_NUMBER_OBJECT_CONVERSION = YES_AGGRESSIVE;
				CLANG_CXX_LANGUAGE_STANDARD = "gnu++14";
				CLANG_CXX_LIBRARY = "libc++";
				CLANG_ENABLE_MODULES = YES;
				CLANG_ENABLE_OBJC_ARC = YES;
				CLANG_ENABLE_OBJC_WEAK = YES;
				CLANG_WARN_BLOCK_CAPTURE_AUTORELEASING = YES;
				CLANG_WARN_BOOL_CONVERSION = YES;
				CLANG_WARN_COMMA = YES;
				CLANG_WARN_CONSTANT_CONVERSION = YES;
				CLANG_WARN_DEPRECATED_OBJC_IMPLEMENTATIONS = YES;
				CLANG_WARN_DIRECT_OBJC_ISA_USAGE = YES_ERROR;
				CLANG_WARN_DOCUMENTATION_COMMENTS = YES;
				CLANG_WARN_EMPTY_BODY = YES;
				CLANG_WARN_ENUM_CONVERSION = YES;
				CLANG_WARN_INFINITE_RECURSION = YES;
				CLANG_WARN_INT_CONVERSION = YES;
				CLANG_WARN_NON_LITERAL_NULL_CONVERSION = YES;
				CLANG_WARN_OBJC_IMPLICIT_RETAIN_SELF = YES;
				CLANG_WARN_OBJC_LITERAL_CONVERSION = YES;
				CLANG_WARN_OBJC_ROOT_CLASS = YES_ERROR;
				CLANG_WARN_QUOTED_INCLUDE_IN_FRAMEWORK_HEADER = YES;
				CLANG_WARN_RANGE_LOOP_ANALYSIS = YES;
				CLANG_WARN_STRICT_PROTOTYPES = YES;
				CLANG_WARN_SUSPICIOUS_MOVE = YES;
				CLANG_WARN_UNGUARDED_AVAILABILITY = YES_AGGRESSIVE;
				CLANG_WARN_UNREACHABLE_CODE = YES;
				CLANG_WARN__DUPLICATE_METHOD_MATCH = YES;
				COPY_PHASE_STRIP = NO;
				DEBUG_INFORMATION_FORMAT = dwarf;
				ENABLE_STRICT_OBJC_MSGSEND = YES;
				ENABLE_TESTABILITY = YES;
				GCC_C_LANGUAGE_STANDARD = gnu11;
				GCC_DYNAMIC_NO_PIC = NO;
				GCC_NO_COMMON_BLOCKS = YES;
				GCC_OPTIMIZATION_LEVEL = 0;
				GCC_PREPROCESSOR_DEFINITIONS = (
					"DEBUG=1",
					"$(inherited)",
				);
				GCC_WARN_64_TO_32_BIT_CONVERSION = YES;
				GCC_WARN_ABOUT_RETURN_TYPE = YES_ERROR;
				GCC_WARN_UNDECLARED_SELECTOR = YES;
				GCC_WARN_UNINITIALIZED_AUTOS = YES_AGGRESSIVE;
				GCC_WARN_UNUSED_FUNCTION = YES;
				GCC_WARN_UNUSED_VARIABLE = YES;
				IPHONEOS_DEPLOYMENT_TARGET = 14.1;
				MTL_ENABLE_DEBUG_INFO = INCLUDE_SOURCE;
				MTL_FAST_MATH = YES;
				ONLY_ACTIVE_ARCH = YES;
				SDKROOT = iphoneos;
				SWIFT_ACTIVE_COMPILATION_CONDITIONS = DEBUG;
				SWIFT_OPTIMIZATION_LEVEL = "-Onone";
			};
			name = Debug;
		};
		3B542EFE26A5B06800BFFE6F /* Release */ = {
			isa = XCBuildConfiguration;
			buildSettings = {
				ALWAYS_SEARCH_USER_PATHS = NO;
				CLANG_ANALYZER_NONNULL = YES;
				CLANG_ANALYZER_NUMBER_OBJECT_CONVERSION = YES_AGGRESSIVE;
				CLANG_CXX_LANGUAGE_STANDARD = "gnu++14";
				CLANG_CXX_LIBRARY = "libc++";
				CLANG_ENABLE_MODULES = YES;
				CLANG_ENABLE_OBJC_ARC = YES;
				CLANG_ENABLE_OBJC_WEAK = YES;
				CLANG_WARN_BLOCK_CAPTURE_AUTORELEASING = YES;
				CLANG_WARN_BOOL_CONVERSION = YES;
				CLANG_WARN_COMMA = YES;
				CLANG_WARN_CONSTANT_CONVERSION = YES;
				CLANG_WARN_DEPRECATED_OBJC_IMPLEMENTATIONS = YES;
				CLANG_WARN_DIRECT_OBJC_ISA_USAGE = YES_ERROR;
				CLANG_WARN_DOCUMENTATION_COMMENTS = YES;
				CLANG_WARN_EMPTY_BODY = YES;
				CLANG_WARN_ENUM_CONVERSION = YES;
				CLANG_WARN_INFINITE_RECURSION = YES;
				CLANG_WARN_INT_CONVERSION = YES;
				CLANG_WARN_NON_LITERAL_NULL_CONVERSION = YES;
				CLANG_WARN_OBJC_IMPLICIT_RETAIN_SELF = YES;
				CLANG_WARN_OBJC_LITERAL_CONVERSION = YES;
				CLANG_WARN_OBJC_ROOT_CLASS = YES_ERROR;
				CLANG_WARN_QUOTED_INCLUDE_IN_FRAMEWORK_HEADER = YES;
				CLANG_WARN_RANGE_LOOP_ANALYSIS = YES;
				CLANG_WARN_STRICT_PROTOTYPES = YES;
				CLANG_WARN_SUSPICIOUS_MOVE = YES;
				CLANG_WARN_UNGUARDED_AVAILABILITY = YES_AGGRESSIVE;
				CLANG_WARN_UNREACHABLE_CODE = YES;
				CLANG_WARN__DUPLICATE_METHOD_MATCH = YES;
				COPY_PHASE_STRIP = NO;
				DEBUG_INFORMATION_FORMAT = "dwarf-with-dsym";
				ENABLE_NS_ASSERTIONS = NO;
				ENABLE_STRICT_OBJC_MSGSEND = YES;
				GCC_C_LANGUAGE_STANDARD = gnu11;
				GCC_NO_COMMON_BLOCKS = YES;
				GCC_WARN_64_TO_32_BIT_CONVERSION = YES;
				GCC_WARN_ABOUT_RETURN_TYPE = YES_ERROR;
				GCC_WARN_UNDECLARED_SELECTOR = YES;
				GCC_WARN_UNINITIALIZED_AUTOS = YES_AGGRESSIVE;
				GCC_WARN_UNUSED_FUNCTION = YES;
				GCC_WARN_UNUSED_VARIABLE = YES;
				IPHONEOS_DEPLOYMENT_TARGET = 14.1;
				MTL_ENABLE_DEBUG_INFO = NO;
				MTL_FAST_MATH = YES;
				SDKROOT = iphoneos;
				SWIFT_COMPILATION_MODE = wholemodule;
				SWIFT_OPTIMIZATION_LEVEL = "-O";
				VALIDATE_PRODUCT = YES;
			};
			name = Release;
		};
		3B542F0026A5B06800BFFE6F /* Debug */ = {
			isa = XCBuildConfiguration;
			baseConfigurationReference = 4B75AA125119F70821559E0C /* Pods-SnsClient.debug.xcconfig */;
			buildSettings = {
				ASSETCATALOG_COMPILER_APPICON_NAME = AppIcon;
				ASSETCATALOG_COMPILER_GLOBAL_ACCENT_COLOR_NAME = AccentColor;
				CODE_SIGN_STYLE = Automatic;
				DEVELOPMENT_TEAM = MZS6GWM7ZN;
				INFOPLIST_FILE = SnsClient/Info.plist;
				LD_RUNPATH_SEARCH_PATHS = (
					"$(inherited)",
					"@executable_path/Frameworks",
				);
				PRODUCT_BUNDLE_IDENTIFIER = com.antk.SnsClient;
				PRODUCT_NAME = "$(TARGET_NAME)";
				SWIFT_VERSION = 5.0;
				TARGETED_DEVICE_FAMILY = 1;
			};
			name = Debug;
		};
		3B542F0126A5B06800BFFE6F /* Release */ = {
			isa = XCBuildConfiguration;
			baseConfigurationReference = 4A21B6B214F4C6DF6D34F6A4 /* Pods-SnsClient.release.xcconfig */;
			buildSettings = {
				ASSETCATALOG_COMPILER_APPICON_NAME = AppIcon;
				ASSETCATALOG_COMPILER_GLOBAL_ACCENT_COLOR_NAME = AccentColor;
				CODE_SIGN_STYLE = Automatic;
				DEVELOPMENT_TEAM = MZS6GWM7ZN;
				INFOPLIST_FILE = SnsClient/Info.plist;
				LD_RUNPATH_SEARCH_PATHS = (
					"$(inherited)",
					"@executable_path/Frameworks",
				);
				PRODUCT_BUNDLE_IDENTIFIER = com.antk.SnsClient;
				PRODUCT_NAME = "$(TARGET_NAME)";
				SWIFT_VERSION = 5.0;
				TARGETED_DEVICE_FAMILY = 1;
			};
			name = Release;
		};
/* End XCBuildConfiguration section */

/* Begin XCConfigurationList section */
		3B542EE626A5B06300BFFE6F /* Build configuration list for PBXProject "SnsClient" */ = {
			isa = XCConfigurationList;
			buildConfigurations = (
				3B542EFD26A5B06800BFFE6F /* Debug */,
				3B542EFE26A5B06800BFFE6F /* Release */,
			);
			defaultConfigurationIsVisible = 0;
			defaultConfigurationName = Release;
		};
		3B542EFF26A5B06800BFFE6F /* Build configuration list for PBXNativeTarget "SnsClient" */ = {
			isa = XCConfigurationList;
			buildConfigurations = (
				3B542F0026A5B06800BFFE6F /* Debug */,
				3B542F0126A5B06800BFFE6F /* Release */,
			);
			defaultConfigurationIsVisible = 0;
			defaultConfigurationName = Release;
		};
/* End XCConfigurationList section */
	};
	rootObject = 3B542EE326A5B06300BFFE6F /* Project object */;
}
